
Microsoft Visual Studio Solution File, Format Version 12.00
# Visual Studio Version 17
VisualStudioVersion = 17.9.34728.123
MinimumVisualStudioVersion = 10.0.40219.1
Project("{FAE04EC0-301F-11D3-BF4B-00C04F79EFBC}") = "HumanResources.Web", "HumanResources.Web\HumanResources.Web.csproj", "{B6DF3499-2223-44DC-A90C-33AD05815BCA}"
EndProject
Project("{FAE04EC0-301F-11D3-BF4B-00C04F79EFBC}") = "HumanResources.Domain", "HumanResources.Domain\HumanResources.Domain.csproj", "{4629048B-7E3F-4BCC-960A-BFCAA5295B78}"
EndProject
Project("{FAE04EC0-301F-11D3-BF4B-00C04F79EFBC}") = "HumanResources.Application", "HumanResources.Application\HumanResources.Application.csproj", "{1417C771-C866-4FA5-9A7D-9A33B602E060}"
EndProject
Project("{FAE04EC0-301F-11D3-BF4B-00C04F79EFBC}") = "HumanResources.Infrastructure", "HumanResources.Infrastructure\HumanResources.Infrastructure.csproj", "{49D5B44C-B9D1-4C43-B3A6-78E1B0DCE913}"
EndProject
Global
	GlobalSection(SolutionConfigurationPlatforms) = preSolution
		Debug|Any CPU = Debug|Any CPU
		Release|Any CPU = Release|Any CPU
	EndGlobalSection
	GlobalSection(ProjectConfigurationPlatforms) = postSolution
		{B6DF3499-2223-44DC-A90C-33AD05815BCA}.Debug|Any CPU.ActiveCfg = Debug|Any CPU
		{B6DF3499-2223-44DC-A90C-33AD05815BCA}.Debug|Any CPU.Build.0 = Debug|Any CPU
		{B6DF3499-2223-44DC-A90C-33AD05815BCA}.Release|Any CPU.ActiveCfg = Release|Any CPU
		{B6DF3499-2223-44DC-A90C-33AD05815BCA}.Release|Any CPU.Build.0 = Release|Any CPU
		{4629048B-7E3F-4BCC-960A-BFCAA5295B78}.Debug|Any CPU.ActiveCfg = Debug|Any CPU
		{4629048B-7E3F-4BCC-960A-BFCAA5295B78}.Debug|Any CPU.Build.0 = Debug|Any CPU
		{4629048B-7E3F-4BCC-960A-BFCAA5295B78}.Release|Any CPU.ActiveCfg = Release|Any CPU
		{4629048B-7E3F-4BCC-960A-BFCAA5295B78}.Release|Any CPU.Build.0 = Release|Any CPU
		{1417C771-C866-4FA5-9A7D-9A33B602E060}.Debug|Any CPU.ActiveCfg = Debug|Any CPU
		{1417C771-C866-4FA5-9A7D-9A33B602E060}.Debug|Any CPU.Build.0 = Debug|Any CPU
		{1417C771-C866-4FA5-9A7D-9A33B602E060}.Release|Any CPU.ActiveCfg = Release|Any CPU
		{1417C771-C866-4FA5-9A7D-9A33B602E060}.Release|Any CPU.Build.0 = Release|Any CPU
		{49D5B44C-B9D1-4C43-B3A6-78E1B0DCE913}.Debug|Any CPU.ActiveCfg = Debug|Any CPU
		{49D5B44C-B9D1-4C43-B3A6-78E1B0DCE913}.Debug|Any CPU.Build.0 = Debug|Any CPU
		{49D5B44C-B9D1-4C43-B3A6-78E1B0DCE913}.Release|Any CPU.ActiveCfg = Release|Any CPU
		{49D5B44C-B9D1-4C43-B3A6-78E1B0DCE913}.Release|Any CPU.Build.0 = Release|Any CPU
	EndGlobalSection
	GlobalSection(SolutionProperties) = preSolution
		HideSolutionNode = FALSE
	EndGlobalSection
	GlobalSection(ExtensibilityGlobals) = postSolution
		SolutionGuid = {A351F0F0-0361-420F-A0EA-91B47B5670B5}
	EndGlobalSection
EndGlobal
